
Microsoft Visual Studio Solution File, Format Version 12.00
# Visual Studio Version 17
VisualStudioVersion = 17.4.33122.133
MinimumVisualStudioVersion = 10.0.40219.1
Project("{FAE04EC0-301F-11D3-BF4B-00C04F79EFBC}") = "FlukenestNoLingeringHitbox", "FlukenestNoLingeringHitbox\FlukenestNoLingeringHitbox.csproj", "{EFB494EF-BB26-45F5-AEAE-244C59D1F3D9}"
EndProject
Project("{2150E333-8FDC-42A3-9474-1A3956D46DE8}") = "Solution Files", "Solution Files", "{6E8CC846-BF71-4A55-A6B4-9C35991CDA39}"
	ProjectSection(SolutionItems) = preProject
		.github\workflows\build.yml = .github\workflows\build.yml
		.github\dependabot.yml = .github\dependabot.yml
		README.md = README.md
	EndProjectSection
EndProject
Global
	GlobalSection(SolutionConfigurationPlatforms) = preSolution
		Debug|Any CPU = Debug|Any CPU
		Release|Any CPU = Release|Any CPU
	EndGlobalSection
	GlobalSection(ProjectConfigurationPlatforms) = postSolution
		{EFB494EF-BB26-45F5-AEAE-244C59D1F3D9}.Debug|Any CPU.ActiveCfg = Debug|Any CPU
		{EFB494EF-BB26-45F5-AEAE-244C59D1F3D9}.Debug|Any CPU.Build.0 = Debug|Any CPU
		{EFB494EF-BB26-45F5-AEAE-244C59D1F3D9}.Release|Any CPU.ActiveCfg = Release|Any CPU
		{EFB494EF-BB26-45F5-AEAE-244C59D1F3D9}.Release|Any CPU.Build.0 = Release|Any CPU
	EndGlobalSection
	GlobalSection(SolutionProperties) = preSolution
		HideSolutionNode = FALSE
	EndGlobalSection
	GlobalSection(ExtensibilityGlobals) = postSolution
		SolutionGuid = {794BA06C-64EA-46CC-BC3A-4297492689BE}
	EndGlobalSection
EndGlobal
